
Microsoft Visual Studio Solution File, Format Version 12.00
# Visual Studio 14
VisualStudioVersion = 14.0.24720.0
MinimumVisualStudioVersion = 10.0.40219.1
Project("{FAE04EC0-301F-11D3-BF4B-00C04F79EFBC}") = "IPMonitorService", "IPMonitorService\IPMonitorService.csproj", "{1E7131B5-8308-44BD-9965-E10668432324}"
EndProject
Project("{FAE04EC0-301F-11D3-BF4B-00C04F79EFBC}") = "IPMonitorTest", "IPMonitorTest\IPMonitorTest.csproj", "{2CE596B9-C5F8-4DE6-B96B-0B7F1F53E430}"
EndProject
Project("{FAE04EC0-301F-11D3-BF4B-00C04F79EFBC}") = "IPMonitorLib", "IPMonitorLib\IPMonitorLib.csproj", "{B876ADA4-FB8B-4648-B4AB-9A1C782F0DAD}"
EndProject
Global
	GlobalSection(SolutionConfigurationPlatforms) = preSolution
		Debug|Any CPU = Debug|Any CPU
		Release|Any CPU = Release|Any CPU
	EndGlobalSection
	GlobalSection(ProjectConfigurationPlatforms) = postSolution
		{1E7131B5-8308-44BD-9965-E10668432324}.Debug|Any CPU.ActiveCfg = Debug|Any CPU
		{1E7131B5-8308-44BD-9965-E10668432324}.Debug|Any CPU.Build.0 = Debug|Any CPU
		{1E7131B5-8308-44BD-9965-E10668432324}.Release|Any CPU.ActiveCfg = Release|Any CPU
		{1E7131B5-8308-44BD-9965-E10668432324}.Release|Any CPU.Build.0 = Release|Any CPU
		{2CE596B9-C5F8-4DE6-B96B-0B7F1F53E430}.Debug|Any CPU.ActiveCfg = Debug|Any CPU
		{2CE596B9-C5F8-4DE6-B96B-0B7F1F53E430}.Debug|Any CPU.Build.0 = Debug|Any CPU
		{2CE596B9-C5F8-4DE6-B96B-0B7F1F53E430}.Release|Any CPU.ActiveCfg = Release|Any CPU
		{2CE596B9-C5F8-4DE6-B96B-0B7F1F53E430}.Release|Any CPU.Build.0 = Release|Any CPU
		{B876ADA4-FB8B-4648-B4AB-9A1C782F0DAD}.Debug|Any CPU.ActiveCfg = Debug|Any CPU
		{B876ADA4-FB8B-4648-B4AB-9A1C782F0DAD}.Debug|Any CPU.Build.0 = Debug|Any CPU
		{B876ADA4-FB8B-4648-B4AB-9A1C782F0DAD}.Release|Any CPU.ActiveCfg = Release|Any CPU
		{B876ADA4-FB8B-4648-B4AB-9A1C782F0DAD}.Release|Any CPU.Build.0 = Release|Any CPU
	EndGlobalSection
	GlobalSection(SolutionProperties) = preSolution
		HideSolutionNode = FALSE
	EndGlobalSection
EndGlobal
